
Microsoft Visual Studio Solution File, Format Version 12.00
# Visual Studio Version 17
VisualStudioVersion = 17.0.32112.339
MinimumVisualStudioVersion = 10.0.40219.1
Project("{FAE04EC0-301F-11D3-BF4B-00C04F79EFBC}") = "Killhope", "Killhope\Killhope.csproj", "{AC8DAD04-4155-48E2-878E-E19A23670D0B}"
EndProject
Global
	GlobalSection(SolutionConfigurationPlatforms) = preSolution
		Debug|Any CPU = Debug|Any CPU
		Release|Any CPU = Release|Any CPU
	EndGlobalSection
	GlobalSection(ProjectConfigurationPlatforms) = postSolution
		{AC8DAD04-4155-48E2-878E-E19A23670D0B}.Debug|Any CPU.ActiveCfg = Debug|Any CPU
		{AC8DAD04-4155-48E2-878E-E19A23670D0B}.Debug|Any CPU.Build.0 = Debug|Any CPU
		{AC8DAD04-4155-48E2-878E-E19A23670D0B}.Release|Any CPU.ActiveCfg = Release|Any CPU
		{AC8DAD04-4155-48E2-878E-E19A23670D0B}.Release|Any CPU.Build.0 = Release|Any CPU
	EndGlobalSection
	GlobalSection(SolutionProperties) = preSolution
		HideSolutionNode = FALSE
	EndGlobalSection
	GlobalSection(ExtensibilityGlobals) = postSolution
		SolutionGuid = {09CFC7AF-026B-44A5-ACE6-F7087F766606}
	EndGlobalSection
EndGlobal
